PODS:
  - ChieryCommonKit (0.0.2)
  - ChieryJumpHandle (0.0.9)

DEPENDENCIES:
  - ChieryCommonKit
  - ChieryJumpHandle

SPEC CHECKSUMS:
  ChieryCommonKit: 1e79a78f10733d69b2da9f7e58fbe195c3580a58
  ChieryJumpHandle: 59238ad00a2558b2495bef4e70435e729458ab86

PODFILE CHECKSUM: fc86ed659175503d8f5c65631f80ba729eb13404

COCOAPODS: 1.3.1
